
Microsoft Visual Studio Solution File, Format Version 12.00
# Visual Studio Version 16
VisualStudioVersion = 16.0.30114.105
MinimumVisualStudioVersion = 10.0.40219.1
Project("{FAE04EC0-301F-11D3-BF4B-00C04F79EFBC}") = "vm", "vm\vm.csproj", "{A81DF1FE-1E60-414B-8BBA-26BE32790634}"
EndProject
Project("{FAE04EC0-301F-11D3-BF4B-00C04F79EFBC}") = "vmtest", "vmtest\vmtest.csproj", "{295EC80E-B41E-4C11-87B4-F3588C416F4D}"
EndProject
Project("{FAE04EC0-301F-11D3-BF4B-00C04F79EFBC}") = "app", "app\app.csproj", "{E08318F4-63C6-4883-A465-6E77204E817B}"
EndProject
Project("{FAE04EC0-301F-11D3-BF4B-00C04F79EFBC}") = "assembler", "assembler\assembler.csproj", "{6A46DC7D-AF6D-4FDB-A00A-55098E301A9C}"
EndProject
Global
	GlobalSection(SolutionConfigurationPlatforms) = preSolution
		Debug|Any CPU = Debug|Any CPU
		Release|Any CPU = Release|Any CPU
	EndGlobalSection
	GlobalSection(SolutionProperties) = preSolution
		HideSolutionNode = FALSE
	EndGlobalSection
	GlobalSection(ProjectConfigurationPlatforms) = postSolution
		{A81DF1FE-1E60-414B-8BBA-26BE32790634}.Debug|Any CPU.ActiveCfg = Debug|Any CPU
		{A81DF1FE-1E60-414B-8BBA-26BE32790634}.Debug|Any CPU.Build.0 = Debug|Any CPU
		{A81DF1FE-1E60-414B-8BBA-26BE32790634}.Release|Any CPU.ActiveCfg = Release|Any CPU
		{A81DF1FE-1E60-414B-8BBA-26BE32790634}.Release|Any CPU.Build.0 = Release|Any CPU
		{295EC80E-B41E-4C11-87B4-F3588C416F4D}.Debug|Any CPU.ActiveCfg = Debug|Any CPU
		{295EC80E-B41E-4C11-87B4-F3588C416F4D}.Debug|Any CPU.Build.0 = Debug|Any CPU
		{295EC80E-B41E-4C11-87B4-F3588C416F4D}.Release|Any CPU.ActiveCfg = Release|Any CPU
		{295EC80E-B41E-4C11-87B4-F3588C416F4D}.Release|Any CPU.Build.0 = Release|Any CPU
		{E08318F4-63C6-4883-A465-6E77204E817B}.Debug|Any CPU.ActiveCfg = Debug|Any CPU
		{E08318F4-63C6-4883-A465-6E77204E817B}.Debug|Any CPU.Build.0 = Debug|Any CPU
		{E08318F4-63C6-4883-A465-6E77204E817B}.Release|Any CPU.ActiveCfg = Release|Any CPU
		{E08318F4-63C6-4883-A465-6E77204E817B}.Release|Any CPU.Build.0 = Release|Any CPU
		{6A46DC7D-AF6D-4FDB-A00A-55098E301A9C}.Debug|Any CPU.ActiveCfg = Debug|Any CPU
		{6A46DC7D-AF6D-4FDB-A00A-55098E301A9C}.Debug|Any CPU.Build.0 = Debug|Any CPU
		{6A46DC7D-AF6D-4FDB-A00A-55098E301A9C}.Release|Any CPU.ActiveCfg = Release|Any CPU
		{6A46DC7D-AF6D-4FDB-A00A-55098E301A9C}.Release|Any CPU.Build.0 = Release|Any CPU
	EndGlobalSection
EndGlobal
